<?xml version="1.0" encoding="UTF-8" standalone="yes" ?>
<CodeBlocks_project_file>
	<FileVersion major="1" minor="6" />
	<Project>
		<Option title="CS101_RVRVRV" />
		<Option pch_mode="2" />
		<Option compiler="gcc" />
		<Build>
			<Target title="Debug">
				<Option output="bin/Debug/CS101_RVRVRV" prefix_auto="1" extension_auto="1" />
				<Option object_output="obj/Debug/" />
				<Option type="1" />
				<Option compiler="gcc" />
				<Compiler>
					<Add option="-g" />
				</Compiler>
			</Target>
			<Target title="Release">
				<Option output="bin/Release/CS101_RVRVRV" prefix_auto="1" extension_auto="1" />
				<Option object_output="obj/Release/" />
				<Option type="1" />
				<Option compiler="gcc" />
				<Compiler>
					<Add option="-O2" />
				</Compiler>
				<Linker>
					<Add option="-s" />
				</Linker>
			</Target>
		</Build>
		<Compiler>
			<Add option="-Wall" />
			<Add option="-fexceptions" />
		</Compiler>
		<Unit filename="../MovingObject.cpp" />
		<Unit filename="../MovingObject.h" />
		<Unit filename="../coin.cpp" />
		<Unit filename="../coin.h" />
		<Unit filename="../equation.cpp" />
		<Unit filename="../equation.h" />
		<Unit filename="../hs.cpp" />
		<Unit filename="../hs.h" />
		<Unit filename="../lasso.cpp" />
		<Unit filename="../lasso.h" />
		<Unit filename="../main.cpp" />
		<Unit filename="../menu.cpp" />
		<Unit filename="../menu.h" />
		<Unit filename="../modes.cpp" />
		<Unit filename="../modes.h" />
		<Unit filename="../number.cpp" />
		<Unit filename="../number.h" />
		<Extensions />
	</Project>
</CodeBlocks_project_file>
